
Microsoft Visual Studio Solution File, Format Version 12.00
# Visual Studio Version 17
VisualStudioVersion = 17.0.31717.71
MinimumVisualStudioVersion = 10.0.40219.1
Project("{FAE04EC0-301F-11D3-BF4B-00C04F79EFBC}") = "Proxy", "Proxy\Proxy.csproj", "{BC80B051-BF28-4E80-BEDE-1E3034A76CD0}"
EndProject
Project("{FAE04EC0-301F-11D3-BF4B-00C04F79EFBC}") = "Proxy2", "Proxy2\Proxy2.csproj", "{F028B4B3-A6EA-405F-A39E-35518DAFA232}"
EndProject
Global
	GlobalSection(SolutionConfigurationPlatforms) = preSolution
		Debug|Any CPU = Debug|Any CPU
		Release|Any CPU = Release|Any CPU
	EndGlobalSection
	GlobalSection(ProjectConfigurationPlatforms) = postSolution
		{BC80B051-BF28-4E80-BEDE-1E3034A76CD0}.Debug|Any CPU.ActiveCfg = Debug|Any CPU
		{BC80B051-BF28-4E80-BEDE-1E3034A76CD0}.Debug|Any CPU.Build.0 = Debug|Any CPU
		{BC80B051-BF28-4E80-BEDE-1E3034A76CD0}.Release|Any CPU.ActiveCfg = Release|Any CPU
		{BC80B051-BF28-4E80-BEDE-1E3034A76CD0}.Release|Any CPU.Build.0 = Release|Any CPU
		{F028B4B3-A6EA-405F-A39E-35518DAFA232}.Debug|Any CPU.ActiveCfg = Debug|Any CPU
		{F028B4B3-A6EA-405F-A39E-35518DAFA232}.Debug|Any CPU.Build.0 = Debug|Any CPU
		{F028B4B3-A6EA-405F-A39E-35518DAFA232}.Release|Any CPU.ActiveCfg = Release|Any CPU
		{F028B4B3-A6EA-405F-A39E-35518DAFA232}.Release|Any CPU.Build.0 = Release|Any CPU
	EndGlobalSection
	GlobalSection(SolutionProperties) = preSolution
		HideSolutionNode = FALSE
	EndGlobalSection
	GlobalSection(ExtensibilityGlobals) = postSolution
		SolutionGuid = {061522F0-02C8-49EC-ADE9-C4D13BB6A9F3}
	EndGlobalSection
EndGlobal
